
Microsoft Visual Studio Solution File, Format Version 12.00
# Visual Studio Version 17
VisualStudioVersion = 17.3.32922.545
MinimumVisualStudioVersion = 10.0.40219.1
Project("{FAE04EC0-301F-11D3-BF4B-00C04F79EFBC}") = "Lab 14 Find Prime Numbers", "Lab 14 Find Prime Numbers\Lab 14 Find Prime Numbers.csproj", "{4215030B-30B6-4B92-956A-A1EAB3073E6E}"
EndProject
Global
	GlobalSection(SolutionConfigurationPlatforms) = preSolution
		Debug|Any CPU = Debug|Any CPU
		Release|Any CPU = Release|Any CPU
	EndGlobalSection
	GlobalSection(ProjectConfigurationPlatforms) = postSolution
		{4215030B-30B6-4B92-956A-A1EAB3073E6E}.Debug|Any CPU.ActiveCfg = Debug|Any CPU
		{4215030B-30B6-4B92-956A-A1EAB3073E6E}.Debug|Any CPU.Build.0 = Debug|Any CPU
		{4215030B-30B6-4B92-956A-A1EAB3073E6E}.Release|Any CPU.ActiveCfg = Release|Any CPU
		{4215030B-30B6-4B92-956A-A1EAB3073E6E}.Release|Any CPU.Build.0 = Release|Any CPU
	EndGlobalSection
	GlobalSection(SolutionProperties) = preSolution
		HideSolutionNode = FALSE
	EndGlobalSection
	GlobalSection(ExtensibilityGlobals) = postSolution
		SolutionGuid = {44E5B1FC-C844-49D7-9CDF-D63FAC7F26E7}
	EndGlobalSection
EndGlobal
